# THIS IS AN AUTOGENERATED FILE. DO NOT EDIT THIS FILE DIRECTLY.
# yarn lockfile v1


"@babel/runtime@^7.11.2", "@babel/runtime@^7.13.10", "@babel/runtime@^7.16.7":
  version "7.17.2"
  resolved "https://registry.yarnpkg.com/@babel/runtime/-/runtime-7.17.2.tgz#66f68591605e59da47523c631416b18508779941"
  integrity sha512-hzeyJyMA1YGdJTuWU0e/j4wKXrU4OMFvY2MSlaI9B7VQb0r5cxTE3EAIS2Q7Tn2RIcDkRvTA/v2JsAEhxe99uw==
  dependencies:
    regenerator-runtime "^0.13.4"

"@chevrotain/types@^9.1.0":
  version "9.1.0"
  resolved "https://registry.yarnpkg.com/@chevrotain/types/-/types-9.1.0.tgz#689f2952be5ad9459dae3c8e9209c0f4ec3c5ec4"
  integrity sha512-3hbCD1CThkv9gnaSIPq0GUXwKni68e0ph6jIHwCvcWiQ4JB2xi8bFxBain0RF04qHUWuDjgnZLj4rLgimuGO+g==

"@chevrotain/utils@^9.1.0":
  version "9.1.0"
  resolved "https://registry.yarnpkg.com/@chevrotain/utils/-/utils-9.1.0.tgz#a34ab0696f9491dee934e848984517d226356f21"
  integrity sha512-llLJZ8OAlZrjGlBvamm6Zdo/HmGAcCLq5gx7cSwUX8No+n/8ip+oaC4x33IdZIif8+Rh5dQUIZXmfbSghiOmNQ==

"@next/env@12.1.0":
  version "12.1.0"
  resolved "https://registry.yarnpkg.com/@next/env/-/env-12.1.0.tgz#73713399399b34aa5a01771fb73272b55b22c314"
  integrity sha512-nrIgY6t17FQ9xxwH3jj0a6EOiQ/WDHUos35Hghtr+SWN/ntHIQ7UpuvSi0vaLzZVHQWaDupKI+liO5vANcDeTQ==

"@next/swc-android-arm64@12.1.0":
  version "12.1.0"
  resolved "https://registry.yarnpkg.com/@next/swc-android-arm64/-/swc-android-arm64-12.1.0.tgz#865ba3a9afc204ff2bdeea49dd64d58705007a39"
  integrity sha512-/280MLdZe0W03stA69iL+v6I+J1ascrQ6FrXBlXGCsGzrfMaGr7fskMa0T5AhQIVQD4nA/46QQWxG//DYuFBcA==

"@next/swc-darwin-arm64@12.1.0":
  version "12.1.0"
  resolved "https://registry.yarnpkg.com/@next/swc-darwin-arm64/-/swc-darwin-arm64-12.1.0.tgz#08e8b411b8accd095009ed12efbc2f1d4d547135"
  integrity sha512-R8vcXE2/iONJ1Unf5Ptqjk6LRW3bggH+8drNkkzH4FLEQkHtELhvcmJwkXcuipyQCsIakldAXhRbZmm3YN1vXg==

"@next/swc-darwin-x64@12.1.0":
  version "12.1.0"
  resolved "https://registry.yarnpkg.com/@next/swc-darwin-x64/-/swc-darwin-x64-12.1.0.tgz#fcd684497a76e8feaca88db3c394480ff0b007cd"
  integrity sha512-ieAz0/J0PhmbZBB8+EA/JGdhRHBogF8BWaeqR7hwveb6SYEIJaDNQy0I+ZN8gF8hLj63bEDxJAs/cEhdnTq+ug==

"@next/swc-linux-arm-gnueabihf@12.1.0":
  version "12.1.0"
  resolved "https://registry.yarnpkg.com/@next/swc-linux-arm-gnueabihf/-/swc-linux-arm-gnueabihf-12.1.0.tgz#9ec6380a27938a5799aaa6035c205b3c478468a7"
  integrity sha512-njUd9hpl6o6A5d08dC0cKAgXKCzm5fFtgGe6i0eko8IAdtAPbtHxtpre3VeSxdZvuGFh+hb0REySQP9T1ttkog==

"@next/swc-linux-arm64-gnu@12.1.0":
  version "12.1.0"
  resolved "https://registry.yarnpkg.com/@next/swc-linux-arm64-gnu/-/swc-linux-arm64-gnu-12.1.0.tgz#7f4196dff1049cea479607c75b81033ae2dbd093"
  integrity sha512-OqangJLkRxVxMhDtcb7Qn1xjzFA3s50EIxY7mljbSCLybU+sByPaWAHY4px97ieOlr2y4S0xdPKkQ3BCAwyo6Q==

"@next/swc-linux-arm64-musl@12.1.0":
  version "12.1.0"
  resolved "https://registry.yarnpkg.com/@next/swc-linux-arm64-musl/-/swc-linux-arm64-musl-12.1.0.tgz#b445f767569cdc2dddee785ca495e1a88c025566"
  integrity sha512-hB8cLSt4GdmOpcwRe2UzI5UWn6HHO/vLkr5OTuNvCJ5xGDwpPXelVkYW/0+C3g5axbDW2Tym4S+MQCkkH9QfWA==

"@next/swc-linux-x64-gnu@12.1.0":
  version "12.1.0"
  resolved "https://registry.yarnpkg.com/@next/swc-linux-x64-gnu/-/swc-linux-x64-gnu-12.1.0.tgz#67610e9be4fbc987de7535f1bcb17e45fe12f90e"
  integrity sha512-OKO4R/digvrVuweSw/uBM4nSdyzsBV5EwkUeeG4KVpkIZEe64ZwRpnFB65bC6hGwxIBnTv5NMSnJ+0K/WmG78A==

"@next/swc-linux-x64-musl@12.1.0":
  version "12.1.0"
  resolved "https://registry.yarnpkg.com/@next/swc-linux-x64-musl/-/swc-linux-x64-musl-12.1.0.tgz#ea19a23db08a9f2e34ac30401f774cf7d1669d31"
  integrity sha512-JohhgAHZvOD3rQY7tlp7NlmvtvYHBYgY0x5ZCecUT6eCCcl9lv6iV3nfu82ErkxNk1H893fqH0FUpznZ/H3pSw==

"@next/swc-win32-arm64-msvc@12.1.0":
  version "12.1.0"
  resolved "https://registry.yarnpkg.com/@next/swc-win32-arm64-msvc/-/swc-win32-arm64-msvc-12.1.0.tgz#eadf054fc412085659b98e145435bbba200b5283"
  integrity sha512-T/3gIE6QEfKIJ4dmJk75v9hhNiYZhQYAoYm4iVo1TgcsuaKLFa+zMPh4056AHiG6n9tn2UQ1CFE8EoybEsqsSw==

"@next/swc-win32-ia32-msvc@12.1.0":
  version "12.1.0"
  resolved "https://registry.yarnpkg.com/@next/swc-win32-ia32-msvc/-/swc-win32-ia32-msvc-12.1.0.tgz#68faeae10c89f698bf9d28759172b74c9c21bda1"
  integrity sha512-iwnKgHJdqhIW19H9PRPM9j55V6RdcOo6rX+5imx832BCWzkDbyomWnlzBfr6ByUYfhohb8QuH4hSGEikpPqI0Q==

"@next/swc-win32-x64-msvc@12.1.0":
  version "12.1.0"
  resolved "https://registry.yarnpkg.com/@next/swc-win32-x64-msvc/-/swc-win32-x64-msvc-12.1.0.tgz#d27e7e76c87a460a4da99c5bfdb1618dcd6cd064"
  integrity sha512-aBvcbMwuanDH4EMrL2TthNJy+4nP59Bimn8egqv6GHMVj0a44cU6Au4PjOhLNqEh9l+IpRGBqMTzec94UdC5xg==

"@react-spring/animated@~9.4.3-beta.0":
  version "9.4.3"
  resolved "https://registry.yarnpkg.com/@react-spring/animated/-/animated-9.4.3.tgz#2f8d2b50dfc1975fa490ed3bc03f5ad865180866"
  integrity sha512-hKKmeXPoGpJ/zrG/RC8stwW8PmMH0BbewHD8aUPLbyzD9fNvZEJ0mjKmOI0CcSwMpb43kuwY2nX3ZJVImPQCoQ==
  dependencies:
    "@react-spring/shared" "~9.4.3-beta.0"
    "@react-spring/types" "~9.4.3-beta.0"

"@react-spring/core@~9.4.3-beta.0":
  version "9.4.3"
  resolved "https://registry.yarnpkg.com/@react-spring/core/-/core-9.4.3.tgz#95c883fa53ff534ff882ba42f863a26a26a6a1c8"
  integrity sha512-Jr6/GjHwXYxAtttcYDXOtH36krO0XGjYaSsGR6g+vOUO4y0zAPPXoAwpK6vS7Haip5fRwk7rMdNG+OzU7bB4Bg==
  dependencies:
    "@react-spring/animated" "~9.4.3-beta.0"
    "@react-spring/rafz" "~9.4.3-beta.0"
    "@react-spring/shared" "~9.4.3-beta.0"
    "@react-spring/types" "~9.4.3-beta.0"

"@react-spring/konva@~9.4.3-beta.0":
  version "9.4.3"
  resolved "https://registry.yarnpkg.com/@react-spring/konva/-/konva-9.4.3.tgz#ef5332fc0960fa4313ac0ab6a122fd9247b3b111"
  integrity sha512-JWxx0YIwipjJTDs7q9XtArlBCTjejyAJZrbhvxmizOM6ZukUj8hcEFYU03Vt5HUTSC4WfG0rkg2O9V1EAXuzCQ==
  dependencies:
    "@react-spring/animated" "~9.4.3-beta.0"
    "@react-spring/core" "~9.4.3-beta.0"
    "@react-spring/shared" "~9.4.3-beta.0"
    "@react-spring/types" "~9.4.3-beta.0"

"@react-spring/native@~9.4.3-beta.0":
  version "9.4.3"
  resolved "https://registry.yarnpkg.com/@react-spring/native/-/native-9.4.3.tgz#748ee1f588c1515a76766e319aa48151308bd5ad"
  integrity sha512-dfOwzSxJcbHKTNJ26pceZ7xCrqf2+L6W/U17/7aogQwGec4yf1zocWXV3QS+h0HDuY0Bk/yYa7PEy+D+HWc7Og==
  dependencies:
    "@react-spring/animated" "~9.4.3-beta.0"
    "@react-spring/core" "~9.4.3-beta.0"
    "@react-spring/shared" "~9.4.3-beta.0"
    "@react-spring/types" "~9.4.3-beta.0"

"@react-spring/rafz@~9.4.3-beta.0":
  version "9.4.3"
  resolved "https://registry.yarnpkg.com/@react-spring/rafz/-/rafz-9.4.3.tgz#0d578072c9692ef5ab74a3b1d49c1432dce32ab6"
  integrity sha512-KnujiZNIHzXsRq1D4tVbCajl8Lx+e6vtvUk7o69KbuneSpEgil9P/x3b+hMDk8U0NHGhJjzhU7723/CNsQansA==

"@react-spring/shared@~9.4.3-beta.0":
  version "9.4.3"
  resolved "https://registry.yarnpkg.com/@react-spring/shared/-/shared-9.4.3.tgz#86e03ddd47911ba89be1d0f5a6d11966e305ee04"
  integrity sha512-mB1UUD/pl1LzaY0XeNWZtvJzxMa8gLQf02nY12HAz4Rukm9dFRj0jeYwQYLdfYLsGFo1ldvHNurun6hZMG7kiQ==
  dependencies:
    "@react-spring/rafz" "~9.4.3-beta.0"
    "@react-spring/types" "~9.4.3-beta.0"

"@react-spring/three@^9.3.1", "@react-spring/three@^9.4.3", "@react-spring/three@~9.4.3-beta.0":
  version "9.4.3"
  resolved "https://registry.yarnpkg.com/@react-spring/three/-/three-9.4.3.tgz#1836ea12f7cb7ccb4c4a1f39101f4fb17955c386"
  integrity sha512-AhCPqoZZXUnzVcKal01sdYBRqkVd2iNxDMk7BGXZsQNWeqaOMaaBT/a6d3oG3wwPX6xIa9ogBtzmzEasN6HYzA==
  dependencies:
    "@react-spring/animated" "~9.4.3-beta.0"
    "@react-spring/core" "~9.4.3-beta.0"
    "@react-spring/shared" "~9.4.3-beta.0"
    "@react-spring/types" "~9.4.3-beta.0"

"@react-spring/types@~9.4.3-beta.0":
  version "9.4.3"
  resolved "https://registry.yarnpkg.com/@react-spring/types/-/types-9.4.3.tgz#8926d7a09812374127b1f8a904a755c7579124e6"
  integrity sha512-dzJrPvUc42K2un9y6D1IsrPQO5tKsbWwUo+wsATnXjG3ePWyuDBIOMJuPe605NhIXUmPH+Vik2wMoZz06hD1uA==

"@react-spring/web@~9.4.3-beta.0":
  version "9.4.3"
  resolved "https://registry.yarnpkg.com/@react-spring/web/-/web-9.4.3.tgz#b59c1491de344545590598b7fde52b607c4e5d10"
  integrity sha512-llKve/uJ73JVagBAVvA74S/LfZP4oSB3XP1qmggSUNXzPZZo5ylIMrs55PxpLyxgzzihuhDU5N17ct3ATViOHw==
  dependencies:
    "@react-spring/animated" "~9.4.3-beta.0"
    "@react-spring/core" "~9.4.3-beta.0"
    "@react-spring/shared" "~9.4.3-beta.0"
    "@react-spring/types" "~9.4.3-beta.0"

"@react-spring/zdog@~9.4.3-beta.0":
  version "9.4.3"
  resolved "https://registry.yarnpkg.com/@react-spring/zdog/-/zdog-9.4.3.tgz#0a76564ea635ab00a1720a3843faf4f46ca3c82a"
  integrity sha512-ujRJBKEWC6miwPhCwHkn13h9OfqK+Kkq49crebo5neY4kCK2efNoagQo54DwXFgbVNFJV+6GwcAZVI2ybS5L1Q==
  dependencies:
    "@react-spring/animated" "~9.4.3-beta.0"
    "@react-spring/core" "~9.4.3-beta.0"
    "@react-spring/shared" "~9.4.3-beta.0"
    "@react-spring/types" "~9.4.3-beta.0"

"@react-three/drei@^8.11.0":
  version "8.11.0"
  resolved "https://registry.yarnpkg.com/@react-three/drei/-/drei-8.11.0.tgz#aed175b670e02091d35e19d46338de0b538087da"
  integrity sha512-/17cr7qkfCgDyA5fcscKEch5XjMw8JMyngzLhXzCYyiTeCOteXGkJSrS0RHemuRAof/8rNBcC9z2OYJQroVSnw==
  dependencies:
    "@babel/runtime" "^7.11.2"
    "@react-spring/three" "^9.3.1"
    "@use-gesture/react" "^10.2.0"
    detect-gpu "^3.1.28"
    glsl-noise "^0.0.0"
    lodash.omit "^4.5.0"
    lodash.pick "^4.4.0"
    react-composer "^5.0.2"
    react-merge-refs "^1.1.0"
    stats.js "^0.17.0"
    suspend-react "^0.0.8"
    three-mesh-bvh "^0.5.4"
    three-stdlib "^2.8.7"
    troika-three-text "^0.45.0"
    utility-types "^3.10.0"
    zustand "^3.5.13"

"@react-three/fiber@^7.0.26":
  version "7.0.26"
  resolved "https://registry.yarnpkg.com/@react-three/fiber/-/fiber-7.0.26.tgz#36ec19fa7bff00738a7dd368d37d81fed912dd52"
  integrity sha512-46NBais4fQIGcMGLBbOf84lp8y/cg73jOEVmAQQJqWX6iOVeNg29jYd15LBuCW2qPD1qDRU0rOfLbMDgwr/vxQ==
  dependencies:
    "@babel/runtime" "^7.13.10"
    react-merge-refs "^1.1.0"
    react-reconciler "^0.26.2"
    react-three-fiber "0.0.0-deprecated"
    react-use-measure "^2.1.1"
    resize-observer-polyfill "^1.5.1"
    scheduler "^0.20.2"
    use-asset "^1.0.4"
    utility-types "^3.10.0"
    zustand "^3.5.1"

"@use-gesture/core@10.2.6":
  version "10.2.6"
  resolved "https://registry.yarnpkg.com/@use-gesture/core/-/core-10.2.6.tgz#12bdab107501798334ae28a6d193ef6ccd7a8930"
  integrity sha512-+GpVSEoCLv1OeZ+qgAV+tLUKit1LKgKO3PgIiEVZqNr4A/YTXzbC1unlThpfzwyj5Dx22UxHDh0UfgRrQ9Lb1w==

"@use-gesture/react@^10.2.0":
  version "10.2.6"
  resolved "https://registry.yarnpkg.com/@use-gesture/react/-/react-10.2.6.tgz#9ff0bdc2675d8a1520189e62b232800f852150ed"
  integrity sha512-s/QDhKvsQVaSNq1ljRBMR2PWRkOp9BmoI+kgZR1DsHUSp5XDORtU33D5TZfJoWnD5X3E9SmePikPl66dDaEeDA==
  dependencies:
    "@use-gesture/core" "10.2.6"

"@webgpu/glslang@^0.0.15":
  version "0.0.15"
  resolved "https://registry.yarnpkg.com/@webgpu/glslang/-/glslang-0.0.15.tgz#f5ccaf6015241e6175f4b90906b053f88483d1f2"
  integrity sha512-niT+Prh3Aff8Uf1MVBVUsaNjFj9rJAKDXuoHIKiQbB+6IUP/3J3JIhBNyZ7lDhytvXxw6ppgnwKZdDJ08UMj4Q==

bidi-js@^1.0.2:
  version "1.0.2"
  resolved "https://registry.yarnpkg.com/bidi-js/-/bidi-js-1.0.2.tgz#1a497a762c2ddea377429d2649c9ce0f8a91527f"
  integrity sha512-rzSy/k7WdX5zOyeHHCOixGXbCHkyogkxPKL2r8QtzHmVQDiWCXUWa18bLdMWT9CYMLOYTjWpTHawuev2ouYJVw==
  dependencies:
    require-from-string "^2.0.2"

caniuse-lite@^1.0.30001283:
  version "1.0.30001312"
  resolved "https://registry.yarnpkg.com/caniuse-lite/-/caniuse-lite-1.0.30001312.tgz#e11eba4b87e24d22697dae05455d5aea28550d5f"
  integrity sha512-Wiz1Psk2MEK0pX3rUzWaunLTZzqS2JYZFzNKqAiJGiuxIjRPLgV6+VDPOg6lQOUxmDwhTlh198JsTTi8Hzw6aQ==

chevrotain@^9.0.2:
  version "9.1.0"
  resolved "https://registry.yarnpkg.com/chevrotain/-/chevrotain-9.1.0.tgz#ca2a811372687ad6f4d11c063cd27a26e5fbd52d"
  integrity sha512-A86/55so63HCfu0dgGg3j9u8uuuBOrSqly1OhBZxRu2x6sAKILLzfVjbGMw45kgier6lz45EzcjjWtTRgoT84Q==
  dependencies:
    "@chevrotain/types" "^9.1.0"
    "@chevrotain/utils" "^9.1.0"
    regexp-to-ast "0.5.0"

debounce@^1.2.1:
  version "1.2.1"
  resolved "https://registry.yarnpkg.com/debounce/-/debounce-1.2.1.tgz#38881d8f4166a5c5848020c11827b834bcb3e0a5"
  integrity sha512-XRRe6Glud4rd/ZGQfiV1ruXSfbvfJedlV9Y6zOlP+2K04vBYiJEte6stfFkCP03aMnY5tsipamumUjL14fofug==

detect-gpu@^3.1.28:
  version "3.1.30"
  resolved "https://registry.yarnpkg.com/detect-gpu/-/detect-gpu-3.1.30.tgz#5f81d02dc8c6417f686e1057256b3bd5d5a6f3f5"
  integrity sha512-WUOk8imHH56AWVt6iHry69qbNEFsPjtS6qsinurfxeI3bVYQZzFk8zECTaodLxfeRad7QspDjjkJWkp5vBo8WA==
  dependencies:
    webgl-constants "^1.1.1"

draco3d@^1.4.1:
  version "1.5.2"
  resolved "https://registry.yarnpkg.com/draco3d/-/draco3d-1.5.2.tgz#a09604a9e6bbf4e5a69208af4622038c55ef4ca7"
  integrity sha512-AeRQ25Fb29c14vpjnh167UGW0nGY0ZpEM3ld+zEXoEySlmEXcXfsCHZeTgo5qXH925V1JsdjrzasdaQ22/vXog==

fast-deep-equal@^3.1.3:
  version "3.1.3"
  resolved "https://registry.yarnpkg.com/fast-deep-equal/-/fast-deep-equal-3.1.3.tgz#3a7d56b559d6cbc3eb512325244e619a65c6c525"
  integrity sha512-f3qQ9oQy9j2AhBe/H9VC91wLmKBCCU/gDOnKNAYG5hswO7BLKj09Hc5HYNz9cGI++xlpDCIgDaitVs03ATR84Q==

fflate@^0.6.9:
  version "0.6.10"
  resolved "https://registry.yarnpkg.com/fflate/-/fflate-0.6.10.tgz#5f40f9659205936a2d18abf88b2e7781662b6d43"
  integrity sha512-IQrh3lEPM93wVCEczc9SaAOvkmcoQn/G8Bo1e8ZPlY3X3bnAxWaBdvTdvM1hP62iZp0BXWDy4vTAy4fF0+Dlpg==

glsl-noise@^0.0.0:
  version "0.0.0"
  resolved "https://registry.yarnpkg.com/glsl-noise/-/glsl-noise-0.0.0.tgz#367745f3a33382c0eeec4cb54b7e99cfc1d7670b"
  integrity sha1-NndF86MzgsDu7Ey1S36Zz8HXZws=

gsap@^3.9.1:
  version "3.9.1"
  resolved "https://registry.yarnpkg.com/gsap/-/gsap-3.9.1.tgz#d4c7443540497afee9ddc0824fd0180224e33360"
  integrity sha512-JSGVYoC6da4pIjdF/yxFU6Rz8OojOIDkbooveZlfNg0+JIoFoRruyfWAEi6R/gUeNcuOiTqUIb0gi1nCNrHf8w==

"js-tokens@^3.0.0 || ^4.0.0":
  version "4.0.0"
  resolved "https://registry.yarnpkg.com/js-tokens/-/js-tokens-4.0.0.tgz#19203fb59991df98e3a287050d4647cdeaf32499"
  integrity sha512-RdJUflcE3cUzKiMqQgsCu06FPu9UdIJO0beYbPhHN4k6apgJtifcoCtT9bcxOpYBtpD2kCM6Sbzg4CausW/PKQ==

ktx-parse@^0.2.1:
  version "0.2.2"
  resolved "https://registry.yarnpkg.com/ktx-parse/-/ktx-parse-0.2.2.tgz#b037b66044855215b332cb73104590af49e47791"
  integrity sha512-cFBc1jnGG2WlUf52NbDUXK2obJ+Mo9WUkBRvr6tP6CKxRMvZwDDFNV3JAS4cewETp5KyexByfWm9sm+O8AffiQ==

lodash.omit@^4.5.0:
  version "4.5.0"
  resolved "https://registry.yarnpkg.com/lodash.omit/-/lodash.omit-4.5.0.tgz#6eb19ae5a1ee1dd9df0b969e66ce0b7fa30b5e60"
  integrity sha1-brGa5aHuHdnfC5aeZs4Lf6MLXmA=

lodash.pick@^4.4.0:
  version "4.4.0"
  resolved "https://registry.yarnpkg.com/lodash.pick/-/lodash.pick-4.4.0.tgz#52f05610fff9ded422611441ed1fc123a03001b3"
  integrity sha1-UvBWEP/53tQiYRRB7R/BI6AwAbM=

loose-envify@^1.1.0, loose-envify@^1.4.0:
  version "1.4.0"
  resolved "https://registry.yarnpkg.com/loose-envify/-/loose-envify-1.4.0.tgz#71ee51fa7be4caec1a63839f7e682d8132d30caf"
  integrity sha512-lyuxPGr/Wfhrlem2CL/UcnUc1zcqKAImBDzukY7Y5F/yQiNdko6+fRLevlw1HgMySw7f611UIY408EtxRSoK3Q==
  dependencies:
    js-tokens "^3.0.0 || ^4.0.0"

mmd-parser@^1.0.4:
  version "1.0.4"
  resolved "https://registry.yarnpkg.com/mmd-parser/-/mmd-parser-1.0.4.tgz#87cc05782cb5974ca854f0303fc5147bc9d690e7"
  integrity sha512-Qi0VCU46t2IwfGv5KF0+D/t9cizcDug7qnNoy9Ggk7aucp0tssV8IwTMkBlDbm+VqAf3cdQHTCARKSsuS2MYFg==

nanoid@^3.1.30:
  version "3.3.1"
  resolved "https://registry.yarnpkg.com/nanoid/-/nanoid-3.3.1.tgz#6347a18cac88af88f58af0b3594b723d5e99bb35"
  integrity sha512-n6Vs/3KGyxPQd6uO0eH4Bv0ojGSUvuLlIHtC3Y0kEO23YRge8H9x1GCzLn28YX0H66pMkxuaeESFq4tKISKwdw==

next@latest:
  version "12.1.0"
  resolved "https://registry.yarnpkg.com/next/-/next-12.1.0.tgz#c33d753b644be92fc58e06e5a214f143da61dd5d"
  integrity sha512-s885kWvnIlxsUFHq9UGyIyLiuD0G3BUC/xrH0CEnH5lHEWkwQcHOORgbDF0hbrW9vr/7am4ETfX4A7M6DjrE7Q==
  dependencies:
    "@next/env" "12.1.0"
    caniuse-lite "^1.0.30001283"
    postcss "8.4.5"
    styled-jsx "5.0.0"
    use-subscription "1.5.1"
  optionalDependencies:
    "@next/swc-android-arm64" "12.1.0"
    "@next/swc-darwin-arm64" "12.1.0"
    "@next/swc-darwin-x64" "12.1.0"
    "@next/swc-linux-arm-gnueabihf" "12.1.0"
    "@next/swc-linux-arm64-gnu" "12.1.0"
    "@next/swc-linux-arm64-musl" "12.1.0"
    "@next/swc-linux-x64-gnu" "12.1.0"
    "@next/swc-linux-x64-musl" "12.1.0"
    "@next/swc-win32-arm64-msvc" "12.1.0"
    "@next/swc-win32-ia32-msvc" "12.1.0"
    "@next/swc-win32-x64-msvc" "12.1.0"

object-assign@^4.1.1:
  version "4.1.1"
  resolved "https://registry.yarnpkg.com/object-assign/-/object-assign-4.1.1.tgz#2109adc7965887cfc05cbbd442cac8bfbb360863"
  integrity sha1-IQmtx5ZYh8/AXLvUQsrIv7s2CGM=

opentype.js@^1.3.3:
  version "1.3.4"
  resolved "https://registry.yarnpkg.com/opentype.js/-/opentype.js-1.3.4.tgz#1c0e72e46288473cc4a4c6a2dc60fd7fe6020d77"
  integrity sha512-d2JE9RP/6uagpQAVtJoF0pJJA/fgai89Cc50Yp0EJHk+eLp6QQ7gBoblsnubRULNY132I0J1QKMJ+JTbMqz4sw==
  dependencies:
    string.prototype.codepointat "^0.2.1"
    tiny-inflate "^1.0.3"

picocolors@^1.0.0:
  version "1.0.0"
  resolved "https://registry.yarnpkg.com/picocolors/-/picocolors-1.0.0.tgz#cb5bdc74ff3f51892236eaf79d68bc44564ab81c"
  integrity sha512-1fygroTLlHu66zi26VoTDv8yRgm0Fccecssto+MhsZ0D/DGW2sm8E8AjW7NU5VVTRt5GxbeZ5qBuJr+HyLYkjQ==

postcss@8.4.5:
  version "8.4.5"
  resolved "https://registry.yarnpkg.com/postcss/-/postcss-8.4.5.tgz#bae665764dfd4c6fcc24dc0fdf7e7aa00cc77f95"
  integrity sha512-jBDboWM8qpaqwkMwItqTQTiFikhs/67OYVvblFFTM7MrZjt6yMKd6r2kgXizEbTTljacm4NldIlZnhbjr84QYg==
  dependencies:
    nanoid "^3.1.30"
    picocolors "^1.0.0"
    source-map-js "^1.0.1"

potpack@^1.0.1:
  version "1.0.2"
  resolved "https://registry.yarnpkg.com/potpack/-/potpack-1.0.2.tgz#23b99e64eb74f5741ffe7656b5b5c4ddce8dfc14"
  integrity sha512-choctRBIV9EMT9WGAZHn3V7t0Z2pMQyl0EZE6pFc/6ml3ssw7Dlf/oAOvFwjm1HVsqfQN8GfeFyJ+d8tRzqueQ==

prop-types@^15.6.0:
  version "15.8.1"
  resolved "https://registry.yarnpkg.com/prop-types/-/prop-types-15.8.1.tgz#67d87bf1a694f48435cf332c24af10214a3140b5"
  integrity sha512-oj87CgZICdulUohogVAR7AjlC0327U4el4L6eAvOqCeudMDVU0NThNaV+b9Df4dXgSP1gXMTnPdhfe/2qDH5cg==
  dependencies:
    loose-envify "^1.4.0"
    object-assign "^4.1.1"
    react-is "^16.13.1"

react-composer@^5.0.2:
  version "5.0.2"
  resolved "https://registry.yarnpkg.com/react-composer/-/react-composer-5.0.2.tgz#131cb53326abb07363795ad3abb0dc4a3005ee05"
  integrity sha512-6E2UNjUF0e7KRY+/faU2Hv7D9zagXnYdTfSSCGdYfuds6mRnVpN19vrbHXShaQzJNVXL4VOUb8qq6DvClDIG1g==
  dependencies:
    prop-types "^15.6.0"

react-dom@^17.0.2:
  version "17.0.2"
  resolved "https://registry.yarnpkg.com/react-dom/-/react-dom-17.0.2.tgz#ecffb6845e3ad8dbfcdc498f0d0a939736502c23"
  integrity sha512-s4h96KtLDUQlsENhMn1ar8t2bEa+q/YAtj8pPPdIjPDGBDIVNsrD9aXNWqspUe6AzKCIG0C1HZZLqLV7qpOBGA==
  dependencies:
    loose-envify "^1.1.0"
    object-assign "^4.1.1"
    scheduler "^0.20.2"

react-is@^16.13.1:
  version "16.13.1"
  resolved "https://registry.yarnpkg.com/react-is/-/react-is-16.13.1.tgz#789729a4dc36de2999dc156dd6c1d9c18cea56a4"
  integrity sha512-24e6ynE2H+OKt4kqsOvNd8kBpV65zoxbA4BVsEOB3ARVWQki/DHzaUoC5KuON/BiccDaCCTZBuOcfZs70kR8bQ==

react-merge-refs@^1.1.0:
  version "1.1.0"
  resolved "https://registry.yarnpkg.com/react-merge-refs/-/react-merge-refs-1.1.0.tgz#73d88b892c6c68cbb7a66e0800faa374f4c38b06"
  integrity sha512-alTKsjEL0dKH/ru1Iyn7vliS2QRcBp9zZPGoWxUOvRGWPUYgjo+V01is7p04It6KhgrzhJGnIj9GgX8W4bZoCQ==

react-reconciler@^0.26.2:
  version "0.26.2"
  resolved "https://registry.yarnpkg.com/react-reconciler/-/react-reconciler-0.26.2.tgz#bbad0e2d1309423f76cf3c3309ac6c96e05e9d91"
  integrity sha512-nK6kgY28HwrMNwDnMui3dvm3rCFjZrcGiuwLc5COUipBK5hWHLOxMJhSnSomirqWwjPBJKV1QcbkI0VJr7Gl1Q==
  dependencies:
    loose-envify "^1.1.0"
    object-assign "^4.1.1"
    scheduler "^0.20.2"

react-spring@^9.4.3:
  version "9.4.3"
  resolved "https://registry.yarnpkg.com/react-spring/-/react-spring-9.4.3.tgz#3f697d3d6e990dbf7d182619dc75a72a63a302c1"
  integrity sha512-GGKAqQQ790JLoA2SAUgdJErFRG8oFR6pzX8jnJoqORVWX5Wo9bJUWs4563f2oN19+yQkVhc77neAkqQ7GCN8Lw==
  dependencies:
    "@react-spring/core" "~9.4.3-beta.0"
    "@react-spring/konva" "~9.4.3-beta.0"
    "@react-spring/native" "~9.4.3-beta.0"
    "@react-spring/three" "~9.4.3-beta.0"
    "@react-spring/web" "~9.4.3-beta.0"
    "@react-spring/zdog" "~9.4.3-beta.0"

react-three-fiber@0.0.0-deprecated:
  version "0.0.0-deprecated"
  resolved "https://registry.yarnpkg.com/react-three-fiber/-/react-three-fiber-0.0.0-deprecated.tgz#c737242487d824cf9520307308b7e4c4071a278f"
  integrity sha512-EblIqTAsIpkYeM8bZtC4lcpTE0A2zCEGipFB52RgcQq/q+0oryrk7Sxt+sqhIjUu6xMNEVywV8dr74lz5yWO6A==

react-use-measure@^2.1.1:
  version "2.1.1"
  resolved "https://registry.yarnpkg.com/react-use-measure/-/react-use-measure-2.1.1.tgz#5824537f4ee01c9469c45d5f7a8446177c6cc4ba"
  integrity sha512-nocZhN26cproIiIduswYpV5y5lQpSQS1y/4KuvUCjSKmw7ZWIS/+g3aFnX3WdBkyuGUtTLif3UTqnLLhbDoQig==
  dependencies:
    debounce "^1.2.1"

react@^17.0.2:
  version "17.0.2"
  resolved "https://registry.yarnpkg.com/react/-/react-17.0.2.tgz#d0b5cc516d29eb3eee383f75b62864cfb6800037"
  integrity sha512-gnhPt75i/dq/z3/6q/0asP78D0u592D5L1pd7M8P+dck6Fu/jJeL6iVVK23fptSUZj8Vjf++7wXA8UNclGQcbA==
  dependencies:
    loose-envify "^1.1.0"
    object-assign "^4.1.1"

regenerator-runtime@^0.13.4:
  version "0.13.9"
  resolved "https://registry.yarnpkg.com/regenerator-runtime/-/regenerator-runtime-0.13.9.tgz#8925742a98ffd90814988d7566ad30ca3b263b52"
  integrity sha512-p3VT+cOEgxFsRRA9X4lkI1E+k2/CtnKtU4gcxyaCUreilL/vqI6CdZ3wxVUx3UOUg+gnUOQQcRI7BmSI656MYA==

regexp-to-ast@0.5.0:
  version "0.5.0"
  resolved "https://registry.yarnpkg.com/regexp-to-ast/-/regexp-to-ast-0.5.0.tgz#56c73856bee5e1fef7f73a00f1473452ab712a24"
  integrity sha512-tlbJqcMHnPKI9zSrystikWKwHkBqu2a/Sgw01h3zFjvYrMxEDYHzzoMZnUrbIfpTFEsoRnnviOXNCzFiSc54Qw==

require-from-string@^2.0.2:
  version "2.0.2"
  resolved "https://registry.yarnpkg.com/require-from-string/-/require-from-string-2.0.2.tgz#89a7fdd938261267318eafe14f9c32e598c36909"
  integrity sha512-Xf0nWe6RseziFMu+Ap9biiUbmplq6S9/p+7w7YXP/JBHhrUDDUhwa+vANyubuqfZWTveU//DYVGsDG7RKL/vEw==

resize-observer-polyfill@^1.5.1:
  version "1.5.1"
  resolved "https://registry.yarnpkg.com/resize-observer-polyfill/-/resize-observer-polyfill-1.5.1.tgz#0e9020dd3d21024458d4ebd27e23e40269810464"
  integrity sha512-LwZrotdHOo12nQuZlHEmtuXdqGoOD0OhaxopaNFxWzInpEgaLWoVuAMbTzixuosCx2nEG58ngzW3vxdWoxIgdg==

scheduler@^0.20.2:
  version "0.20.2"
  resolved "https://registry.yarnpkg.com/scheduler/-/scheduler-0.20.2.tgz#4baee39436e34aa93b4874bddcbf0fe8b8b50e91"
  integrity sha512-2eWfGgAqqWFGqtdMmcL5zCMK1U8KlXv8SQFGglL3CEtd0aDVDWgeF/YoCmvln55m5zSk3J/20hTaSBeSObsQDQ==
  dependencies:
    loose-envify "^1.1.0"
    object-assign "^4.1.1"

source-map-js@^1.0.1:
  version "1.0.2"
  resolved "https://registry.yarnpkg.com/source-map-js/-/source-map-js-1.0.2.tgz#adbc361d9c62df380125e7f161f71c826f1e490c"
  integrity sha512-R0XvVJ9WusLiqTCEiGCmICCMplcCkIwwR11mOSD9CR5u+IXYdiseeEuXCVAjS54zqwkLcPNnmU4OeJ6tUrWhDw==

stats.js@^0.17.0:
  version "0.17.0"
  resolved "https://registry.yarnpkg.com/stats.js/-/stats.js-0.17.0.tgz#b1c3dc46d94498b578b7fd3985b81ace7131cc7d"
  integrity sha1-scPcRtlEmLV4t/05hbgaznExzH0=

string.prototype.codepointat@^0.2.1:
  version "0.2.1"
  resolved "https://registry.yarnpkg.com/string.prototype.codepointat/-/string.prototype.codepointat-0.2.1.tgz#004ad44c8afc727527b108cd462b4d971cd469bc"
  integrity sha512-2cBVCj6I4IOvEnjgO/hWqXjqBGsY+zwPmHl12Srk9IXSZ56Jwwmy+66XO5Iut/oQVR7t5ihYdLB0GMa4alEUcg==

styled-jsx@5.0.0:
  version "5.0.0"
  resolved "https://registry.yarnpkg.com/styled-jsx/-/styled-jsx-5.0.0.tgz#816b4b92e07b1786c6b7111821750e0ba4d26e77"
  integrity sha512-qUqsWoBquEdERe10EW8vLp3jT25s/ssG1/qX5gZ4wu15OZpmSMFI2v+fWlRhLfykA5rFtlJ1ME8A8pm/peV4WA==

suspend-react@^0.0.8:
  version "0.0.8"
  resolved "https://registry.yarnpkg.com/suspend-react/-/suspend-react-0.0.8.tgz#b0740c1386b4eb652f17affe4339915ee268bd31"
  integrity sha512-ZC3r8Hu1y0dIThzsGw0RLZplnX9yXwfItcvaIzJc2VQVi8TGyGDlu92syMB5ulybfvGLHAI5Ghzlk23UBPF8xg==

three-mesh-bvh@^0.5.4:
  version "0.5.5"
  resolved "https://registry.yarnpkg.com/three-mesh-bvh/-/three-mesh-bvh-0.5.5.tgz#2d7df2607ac8ea9ef0413eb47eb168d618fa54ab"
  integrity sha512-WPsEXLfUh+8n2CcWaDnBm4q3c6PbISPbXOBNYt8VLEOTATXP8UqAfEyEBmQU8B9h5FJSSccdXXlHiexO3hZezg==

three-stdlib@^2.8.7:
  version "2.8.7"
  resolved "https://registry.yarnpkg.com/three-stdlib/-/three-stdlib-2.8.7.tgz#72372ca0c6d75c4b7bf591f633a42b2a53be8251"
  integrity sha512-qHqzk0k2zg4zNogTqNmZqyeYoyj1VbcczfAWEJcw5U3jwWaxeOGEDy3AHcIfwK35i3eQVdSz9DxWbPvMyPMPCA==
  dependencies:
    "@babel/runtime" "^7.16.7"
    "@webgpu/glslang" "^0.0.15"
    chevrotain "^9.0.2"
    draco3d "^1.4.1"
    fflate "^0.6.9"
    ktx-parse "^0.2.1"
    mmd-parser "^1.0.4"
    opentype.js "^1.3.3"
    potpack "^1.0.1"
    zstddec "^0.0.2"

three@^0.138.0:
  version "0.138.0"
  resolved "https://registry.yarnpkg.com/three/-/three-0.138.0.tgz#cd0cbeb621a5826c65e49e06705d0bb9f6c13ca6"
  integrity sha512-xM/WwUd53ClkbHFrftW29aIzMVvyhj4rSZmIVgn6hZ/kYB7aMjDD8FFy4VJamygXSrldJuOgEJuaI+E+8mt/KA==

tiny-inflate@^1.0.3:
  version "1.0.3"
  resolved "https://registry.yarnpkg.com/tiny-inflate/-/tiny-inflate-1.0.3.tgz#122715494913a1805166aaf7c93467933eea26c4"
  integrity sha512-pkY1fj1cKHb2seWDy0B16HeWyczlJA9/WW3u3c4z/NiWDsO3DOU5D7nhTLE9CF0yXv/QZFY7sEJmj24dK+Rrqw==

troika-three-text@^0.45.0:
  version "0.45.0"
  resolved "https://registry.yarnpkg.com/troika-three-text/-/troika-three-text-0.45.0.tgz#d3e4f1f0637d3dea5735e9887a77d9a010b1c041"
  integrity sha512-s/MhDYJm0+aiQU8fjO1TXl1UZESY52GMJgzyMB0HHnh2iADy+WY00oVgNsW6lU7XmC2g8MU81nV5egCDAS4/Pg==
  dependencies:
    bidi-js "^1.0.2"
    troika-three-utils "^0.45.0"
    troika-worker-utils "^0.45.0"

troika-three-utils@^0.45.0:
  version "0.45.0"
  resolved "https://registry.yarnpkg.com/troika-three-utils/-/troika-three-utils-0.45.0.tgz#d624e4d2427275fd2750d542766635be37042920"
  integrity sha512-VJqEx8aww2El/zSbbnmjdhaAOQ4LM0CVJmKh385Vi/CzruhMmWEaunMRI/J1vh4MbbGo+dREu73FkMkr/PXypA==

troika-worker-utils@^0.45.0:
  version "0.45.0"
  resolved "https://registry.yarnpkg.com/troika-worker-utils/-/troika-worker-utils-0.45.0.tgz#94a7b5c7f6f54c81f229eafae2224259e182c010"
  integrity sha512-pEO8u7+29dG5SbmGUg0wqXPEe+r+Hd0ibKf75tjH2aoR7ZPlRwUzRTvPURDlDNFF4KysDLvMCdHnyslG9IG5Hw==

use-asset@^1.0.4:
  version "1.0.4"
  resolved "https://registry.yarnpkg.com/use-asset/-/use-asset-1.0.4.tgz#506caafc29f602890593799e58b577b70293a6e2"
  integrity sha512-7/hqDrWa0iMnCoET9W1T07EmD4Eg/Wmoj/X8TGBc++ECRK4m5yTsjP4O6s0yagbxfqIOuUkIxe2/sA+VR2GxZA==
  dependencies:
    fast-deep-equal "^3.1.3"

use-subscription@1.5.1:
  version "1.5.1"
  resolved "https://registry.yarnpkg.com/use-subscription/-/use-subscription-1.5.1.tgz#73501107f02fad84c6dd57965beb0b75c68c42d1"
  integrity sha512-Xv2a1P/yReAjAbhylMfFplFKj9GssgTwN7RlcTxBujFQcloStWNDQdc4g4NRWH9xS4i/FDk04vQBptAXoF3VcA==
  dependencies:
    object-assign "^4.1.1"

utility-types@^3.10.0:
  version "3.10.0"
  resolved "https://registry.yarnpkg.com/utility-types/-/utility-types-3.10.0.tgz#ea4148f9a741015f05ed74fd615e1d20e6bed82b"
  integrity sha512-O11mqxmi7wMKCo6HKFt5AhO4BwY3VV68YU07tgxfz8zJTIxr4BpsezN49Ffwy9j3ZpwwJp4fkRwjRzq3uWE6Rg==

webgl-constants@^1.1.1:
  version "1.1.1"
  resolved "https://registry.yarnpkg.com/webgl-constants/-/webgl-constants-1.1.1.tgz#f9633ee87fea56647a60b9ce735cbdfb891c6855"
  integrity sha512-LkBXKjU5r9vAW7Gcu3T5u+5cvSvh5WwINdr0C+9jpzVB41cjQAP5ePArDtk/WHYdVj0GefCgM73BA7FlIiNtdg==

zstddec@^0.0.2:
  version "0.0.2"
  resolved "https://registry.yarnpkg.com/zstddec/-/zstddec-0.0.2.tgz#57e2f28dd1ff56b750e07d158a43f0611ad9eeb4"
  integrity sha512-DCo0oxvcvOTGP/f5FA6tz2Z6wF+FIcEApSTu0zV5sQgn9hoT5lZ9YRAKUraxt9oP7l4e8TnNdi8IZTCX6WCkwA==

zustand@^3.5.1, zustand@^3.5.13:
  version "3.7.0"
  resolved "https://registry.yarnpkg.com/zustand/-/zustand-3.7.0.tgz#a5c68fb06bdee9c63ad829de2432635be6d0ce69"
  integrity sha512-USzVzLGrvZ8VK1/sEsOAmeqa8N7D3OBdZskVaL7DL89Q4QLTYD053iIlZ5KDidyZ+Od80Dttin/f8ZulOLFFDQ==
